
Microsoft Visual Studio Solution File, Format Version 12.00
# Visual Studio Version 16
VisualStudioVersion = 16.0.29306.81
MinimumVisualStudioVersion = 10.0.40219.1
Project("{9A19103F-16F7-4668-BE54-9A1E7A4F7556}") = "Formatter", "src\Formatter\Formatter.csproj", "{1B82810B-5A63-403C-8841-5ABECCDB93FC}"
EndProject
Project("{9A19103F-16F7-4668-BE54-9A1E7A4F7556}") = "AzureSync", "src\AzureSync\AzureSync.csproj", "{20E9D20D-D3AB-4C3F-9DAF-77621C79FBB2}"
EndProject
Project("{FAE04EC0-301F-11D3-BF4B-00C04F79EFBC}") = "FileFormatting", "src\File.Formatting\FileFormatting.csproj", "{09E9172A-695F-4942-B668-8BBE38691D07}"
EndProject
Global
	GlobalSection(SolutionConfigurationPlatforms) = preSolution
		Debug|Any CPU = Debug|Any CPU
		Release|Any CPU = Release|Any CPU
	EndGlobalSection
	GlobalSection(ProjectConfigurationPlatforms) = postSolution
		{1B82810B-5A63-403C-8841-5ABECCDB93FC}.Debug|Any CPU.ActiveCfg = Debug|Any CPU
		{1B82810B-5A63-403C-8841-5ABECCDB93FC}.Debug|Any CPU.Build.0 = Debug|Any CPU
		{1B82810B-5A63-403C-8841-5ABECCDB93FC}.Release|Any CPU.ActiveCfg = Release|Any CPU
		{1B82810B-5A63-403C-8841-5ABECCDB93FC}.Release|Any CPU.Build.0 = Release|Any CPU
		{20E9D20D-D3AB-4C3F-9DAF-77621C79FBB2}.Debug|Any CPU.ActiveCfg = Debug|Any CPU
		{20E9D20D-D3AB-4C3F-9DAF-77621C79FBB2}.Debug|Any CPU.Build.0 = Debug|Any CPU
		{20E9D20D-D3AB-4C3F-9DAF-77621C79FBB2}.Release|Any CPU.ActiveCfg = Release|Any CPU
		{20E9D20D-D3AB-4C3F-9DAF-77621C79FBB2}.Release|Any CPU.Build.0 = Release|Any CPU
		{09E9172A-695F-4942-B668-8BBE38691D07}.Debug|Any CPU.ActiveCfg = Debug|Any CPU
		{09E9172A-695F-4942-B668-8BBE38691D07}.Debug|Any CPU.Build.0 = Debug|Any CPU
		{09E9172A-695F-4942-B668-8BBE38691D07}.Release|Any CPU.ActiveCfg = Release|Any CPU
		{09E9172A-695F-4942-B668-8BBE38691D07}.Release|Any CPU.Build.0 = Release|Any CPU
	EndGlobalSection
	GlobalSection(SolutionProperties) = preSolution
		HideSolutionNode = FALSE
	EndGlobalSection
	GlobalSection(ExtensibilityGlobals) = postSolution
		SolutionGuid = {C14C650E-BEF5-461D-972C-316FFB6BB269}
	EndGlobalSection
EndGlobal
