
Microsoft Visual Studio Solution File, Format Version 12.00
# Visual Studio 15
VisualStudioVersion = 15.0.27428.1
MinimumVisualStudioVersion = 10.0.40219.1
Project("{9A19103F-16F7-4668-BE54-9A1E7A4F7556}") = "Formatter", "src\Formatter\Formatter.csproj", "{1B82810B-5A63-403C-8841-5ABECCDB93FC}"
EndProject
Global
	GlobalSection(SolutionConfigurationPlatforms) = preSolution
		Debug|Any CPU = Debug|Any CPU
		Release|Any CPU = Release|Any CPU
	EndGlobalSection
	GlobalSection(ProjectConfigurationPlatforms) = postSolution
		{1B82810B-5A63-403C-8841-5ABECCDB93FC}.Debug|Any CPU.ActiveCfg = Debug|Any CPU
		{1B82810B-5A63-403C-8841-5ABECCDB93FC}.Debug|Any CPU.Build.0 = Debug|Any CPU
		{1B82810B-5A63-403C-8841-5ABECCDB93FC}.Release|Any CPU.ActiveCfg = Release|Any CPU
		{1B82810B-5A63-403C-8841-5ABECCDB93FC}.Release|Any CPU.Build.0 = Release|Any CPU
	EndGlobalSection
	GlobalSection(SolutionProperties) = preSolution
		HideSolutionNode = FALSE
	EndGlobalSection
	GlobalSection(ExtensibilityGlobals) = postSolution
		SolutionGuid = {C14C650E-BEF5-461D-972C-316FFB6BB269}
	EndGlobalSection
EndGlobal
